
Microsoft Visual Studio Solution File, Format Version 12.00
# Visual Studio 2013
VisualStudioVersion = 12.0.30723.0
MinimumVisualStudioVersion = 10.0.40219.1
Project("{8BC9CEB8-8B4A-11D0-8D11-00A0C91BC942}") = "angelscript", "..\..\angelscript_2.27.0\sdk\angelscript\projects\msvc2012\angelscript.vcxproj", "{39E6AF97-6BA3-4A72-8C61-BCEBF214EBFD}"
EndProject
Project("{8BC9CEB8-8B4A-11D0-8D11-00A0C91BC942}") = "glew_static", "..\..\glew-1.9.0\platform\vc10\glew_static.vcxproj", "{664E6F0D-6784-4760-9565-D54F8EB1EDF4}"
EndProject
Project("{8BC9CEB8-8B4A-11D0-8D11-00A0C91BC942}") = "SimpleFileWatcher", "..\..\SimpleFileWatcher\platform\win32\SimpleFileWatcher\SimpleFileWatcher.vcxproj", "{21CD0EA8-7360-4E46-88D8-C28F9A2933BB}"
EndProject
Project("{8BC9CEB8-8B4A-11D0-8D11-00A0C91BC942}") = "soil", "..\..\soil-070726.1036\projects\VC11\soil.vcxproj", "{C32FB2B4-500C-43CD-A099-EECCE079D3F1}"
EndProject
Project("{8BC9CEB8-8B4A-11D0-8D11-00A0C91BC942}") = "nvtt", "..\..\nvtt 2.0.8\platform\win32\nvtt\nvtt.vcxproj", "{F9598BBC-D10F-4EAD-9115-017021BA0BA6}"
EndProject
Project("{8BC9CEB8-8B4A-11D0-8D11-00A0C91BC942}") = "nvcore", "..\..\nvtt 2.0.8\platform\win32\nvcore\nvcore.vcxproj", "{3F882649-983F-404A-827E-FC7C5E345C5A}"
EndProject
Project("{8BC9CEB8-8B4A-11D0-8D11-00A0C91BC942}") = "nvimage", "..\..\nvtt 2.0.8\platform\win32\nvimage\nvimage.vcxproj", "{EEDF797B-C1F5-4563-A7A7-87256B602B3A}"
EndProject
Project("{8BC9CEB8-8B4A-11D0-8D11-00A0C91BC942}") = "nvmath", "..\..\nvtt 2.0.8\platform\win32\nvmath\nvmath.vcxproj", "{5C34C10D-0465-4984-912B-F31FDE0632A0}"
EndProject
Project("{8BC9CEB8-8B4A-11D0-8D11-00A0C91BC942}") = "poshlib", "..\..\nvtt 2.0.8\platform\win32\poshlib\poshlib.vcxproj", "{17725193-01E5-4F3F-8B12-B41F04537F5C}"
EndProject
Project("{8BC9CEB8-8B4A-11D0-8D11-00A0C91BC942}") = "squish", "..\..\nvtt 2.0.8\platform\win32\squish\squish.vcxproj", "{0EE0355C-5405-41B8-B3B2-D5919FECEE74}"
EndProject
Project("{8BC9CEB8-8B4A-11D0-8D11-00A0C91BC942}") = "sqlite", "..\..\sqlite 3.8.1\platform\win32\sqlite\sqlite.vcxproj", "{13C4DC8C-4E4C-4DBA-89FB-DBB99D92C766}"
EndProject
Project("{8BC9CEB8-8B4A-11D0-8D11-00A0C91BC942}") = "chipmunk", "..\..\Chipmunk-6.2.1\msvc\vc12\chipmunk\chipmunk.vcxproj", "{C1ACE86E-5A14-490A-9678-104BA2546723}"
EndProject
Project("{8BC9CEB8-8B4A-11D0-8D11-00A0C91BC942}") = "Box2D", "..\..\Box2D_v2.3.0\Box2D\platform\win32\Box2D\Box2D.vcxproj", "{4AEC8F63-4AAF-4897-B427-1CD6DAE85BEA}"
EndProject
Project("{8BC9CEB8-8B4A-11D0-8D11-00A0C91BC942}") = "imgui", "..\..\imgui\win32\imgui\imgui.vcxproj", "{874096ED-A015-4C31-9F66-384C5730C718}"
EndProject
Project("{8BC9CEB8-8B4A-11D0-8D11-00A0C91BC942}") = "GLFW", "..\..\glfw-3.0.4\platform\win32\GLFW.vcxproj", "{56E80209-22DA-43C8-A2F8-6FF3046B2765}"
EndProject
Project("{8BC9CEB8-8B4A-11D0-8D11-00A0C91BC942}") = "soloud", "..\..\soloud-20140622\platform\win32\soloud.vcxproj", "{1A2CC958-7651-47F0-8D84-41477AAAB8AA}"
EndProject
Global
	GlobalSection(SolutionConfigurationPlatforms) = preSolution
		Debug DLL|Win32 = Debug DLL|Win32
		Debug DLL|x64 = Debug DLL|x64
		Debug MX|Win32 = Debug MX|Win32
		Debug MX|x64 = Debug MX|x64
		Debug SCRT|Win32 = Debug SCRT|Win32
		Debug SCRT|x64 = Debug SCRT|x64
		Debug|Win32 = Debug|Win32
		Debug|x64 = Debug|x64
		MinSizeRel|Win32 = MinSizeRel|Win32
		MinSizeRel|x64 = MinSizeRel|x64
		Release DLL|Win32 = Release DLL|Win32
		Release DLL|x64 = Release DLL|x64
		Release MX|Win32 = Release MX|Win32
		Release MX|x64 = Release MX|x64
		Release SCRT|Win32 = Release SCRT|Win32
		Release SCRT|x64 = Release SCRT|x64
		Release|Win32 = Release|Win32
		Release|x64 = Release|x64
		RelWithDebInfo|Win32 = RelWithDebInfo|Win32
		RelWithDebInfo|x64 = RelWithDebInfo|x64
		Template|Win32 = Template|Win32
		Template|x64 = Template|x64
	EndGlobalSection
	GlobalSection(ProjectConfigurationPlatforms) = postSolution
		{39E6AF97-6BA3-4A72-8C61-BCEBF214EBFD}.Debug DLL|Win32.ActiveCfg = Debug|Win32
		{39E6AF97-6BA3-4A72-8C61-BCEBF214EBFD}.Debug DLL|Win32.Build.0 = Debug|Win32
		{39E6AF97-6BA3-4A72-8C61-BCEBF214EBFD}.Debug DLL|x64.ActiveCfg = Debug|x64
		{39E6AF97-6BA3-4A72-8C61-BCEBF214EBFD}.Debug DLL|x64.Build.0 = Debug|x64
		{39E6AF97-6BA3-4A72-8C61-BCEBF214EBFD}.Debug MX|Win32.ActiveCfg = Debug|Win32
		{39E6AF97-6BA3-4A72-8C61-BCEBF214EBFD}.Debug MX|Win32.Build.0 = Debug|Win32
		{39E6AF97-6BA3-4A72-8C61-BCEBF214EBFD}.Debug MX|x64.ActiveCfg = Debug|x64
		{39E6AF97-6BA3-4A72-8C61-BCEBF214EBFD}.Debug MX|x64.Build.0 = Debug|x64
		{39E6AF97-6BA3-4A72-8C61-BCEBF214EBFD}.Debug SCRT|Win32.ActiveCfg = Debug|Win32
		{39E6AF97-6BA3-4A72-8C61-BCEBF214EBFD}.Debug SCRT|Win32.Build.0 = Debug|Win32
		{39E6AF97-6BA3-4A72-8C61-BCEBF214EBFD}.Debug SCRT|x64.ActiveCfg = Debug|x64
		{39E6AF97-6BA3-4A72-8C61-BCEBF214EBFD}.Debug SCRT|x64.Build.0 = Debug|x64
		{39E6AF97-6BA3-4A72-8C61-BCEBF214EBFD}.Debug|Win32.ActiveCfg = Debug|Win32
		{39E6AF97-6BA3-4A72-8C61-BCEBF214EBFD}.Debug|Win32.Build.0 = Debug|Win32
		{39E6AF97-6BA3-4A72-8C61-BCEBF214EBFD}.Debug|x64.ActiveCfg = Debug|x64
		{39E6AF97-6BA3-4A72-8C61-BCEBF214EBFD}.Debug|x64.Build.0 = Debug|x64
		{39E6AF97-6BA3-4A72-8C61-BCEBF214EBFD}.MinSizeRel|Win32.ActiveCfg = Release|Win32
		{39E6AF97-6BA3-4A72-8C61-BCEBF214EBFD}.MinSizeRel|Win32.Build.0 = Release|Win32
		{39E6AF97-6BA3-4A72-8C61-BCEBF214EBFD}.MinSizeRel|x64.ActiveCfg = Release|x64
		{39E6AF97-6BA3-4A72-8C61-BCEBF214EBFD}.MinSizeRel|x64.Build.0 = Release|x64
		{39E6AF97-6BA3-4A72-8C61-BCEBF214EBFD}.Release DLL|Win32.ActiveCfg = Release|Win32
		{39E6AF97-6BA3-4A72-8C61-BCEBF214EBFD}.Release DLL|Win32.Build.0 = Release|Win32
		{39E6AF97-6BA3-4A72-8C61-BCEBF214EBFD}.Release DLL|x64.ActiveCfg = Release|x64
		{39E6AF97-6BA3-4A72-8C61-BCEBF214EBFD}.Release DLL|x64.Build.0 = Release|x64
		{39E6AF97-6BA3-4A72-8C61-BCEBF214EBFD}.Release MX|Win32.ActiveCfg = Release|Win32
		{39E6AF97-6BA3-4A72-8C61-BCEBF214EBFD}.Release MX|Win32.Build.0 = Release|Win32
		{39E6AF97-6BA3-4A72-8C61-BCEBF214EBFD}.Release MX|x64.ActiveCfg = Release|x64
		{39E6AF97-6BA3-4A72-8C61-BCEBF214EBFD}.Release MX|x64.Build.0 = Release|x64
		{39E6AF97-6BA3-4A72-8C61-BCEBF214EBFD}.Release SCRT|Win32.ActiveCfg = Release|Win32
		{39E6AF97-6BA3-4A72-8C61-BCEBF214EBFD}.Release SCRT|Win32.Build.0 = Release|Win32
		{39E6AF97-6BA3-4A72-8C61-BCEBF214EBFD}.Release SCRT|x64.ActiveCfg = Release|x64
		{39E6AF97-6BA3-4A72-8C61-BCEBF214EBFD}.Release SCRT|x64.Build.0 = Release|x64
		{39E6AF97-6BA3-4A72-8C61-BCEBF214EBFD}.Release|Win32.ActiveCfg = Release|Win32
		{39E6AF97-6BA3-4A72-8C61-BCEBF214EBFD}.Release|Win32.Build.0 = Release|Win32
		{39E6AF97-6BA3-4A72-8C61-BCEBF214EBFD}.Release|x64.ActiveCfg = Release|x64
		{39E6AF97-6BA3-4A72-8C61-BCEBF214EBFD}.Release|x64.Build.0 = Release|x64
		{39E6AF97-6BA3-4A72-8C61-BCEBF214EBFD}.RelWithDebInfo|Win32.ActiveCfg = Release|Win32
		{39E6AF97-6BA3-4A72-8C61-BCEBF214EBFD}.RelWithDebInfo|Win32.Build.0 = Release|Win32
		{39E6AF97-6BA3-4A72-8C61-BCEBF214EBFD}.RelWithDebInfo|x64.ActiveCfg = Release|x64
		{39E6AF97-6BA3-4A72-8C61-BCEBF214EBFD}.RelWithDebInfo|x64.Build.0 = Release|x64
		{39E6AF97-6BA3-4A72-8C61-BCEBF214EBFD}.Template|Win32.ActiveCfg = Release|Win32
		{39E6AF97-6BA3-4A72-8C61-BCEBF214EBFD}.Template|Win32.Build.0 = Release|Win32
		{39E6AF97-6BA3-4A72-8C61-BCEBF214EBFD}.Template|x64.ActiveCfg = Release|x64
		{39E6AF97-6BA3-4A72-8C61-BCEBF214EBFD}.Template|x64.Build.0 = Release|x64
		{664E6F0D-6784-4760-9565-D54F8EB1EDF4}.Debug DLL|Win32.ActiveCfg = Debug MX|Win32
		{664E6F0D-6784-4760-9565-D54F8EB1EDF4}.Debug DLL|Win32.Build.0 = Debug MX|Win32
		{664E6F0D-6784-4760-9565-D54F8EB1EDF4}.Debug DLL|x64.ActiveCfg = Debug MX|Win32
		{664E6F0D-6784-4760-9565-D54F8EB1EDF4}.Debug MX|Win32.ActiveCfg = Debug MX|Win32
		{664E6F0D-6784-4760-9565-D54F8EB1EDF4}.Debug MX|Win32.Build.0 = Debug MX|Win32
		{664E6F0D-6784-4760-9565-D54F8EB1EDF4}.Debug MX|x64.ActiveCfg = Debug MX|Win32
		{664E6F0D-6784-4760-9565-D54F8EB1EDF4}.Debug SCRT|Win32.ActiveCfg = Debug MX|Win32
		{664E6F0D-6784-4760-9565-D54F8EB1EDF4}.Debug SCRT|Win32.Build.0 = Debug MX|Win32
		{664E6F0D-6784-4760-9565-D54F8EB1EDF4}.Debug SCRT|x64.ActiveCfg = Debug MX|Win32
		{664E6F0D-6784-4760-9565-D54F8EB1EDF4}.Debug|Win32.ActiveCfg = Debug|Win32
		{664E6F0D-6784-4760-9565-D54F8EB1EDF4}.Debug|Win32.Build.0 = Debug|Win32
		{664E6F0D-6784-4760-9565-D54F8EB1EDF4}.Debug|x64.ActiveCfg = Debug|Win32
		{664E6F0D-6784-4760-9565-D54F8EB1EDF4}.MinSizeRel|Win32.ActiveCfg = Debug MX|Win32
		{664E6F0D-6784-4760-9565-D54F8EB1EDF4}.MinSizeRel|Win32.Build.0 = Debug MX|Win32
		{664E6F0D-6784-4760-9565-D54F8EB1EDF4}.MinSizeRel|x64.ActiveCfg = Debug MX|Win32
		{664E6F0D-6784-4760-9565-D54F8EB1EDF4}.Release DLL|Win32.ActiveCfg = Release MX|Win32
		{664E6F0D-6784-4760-9565-D54F8EB1EDF4}.Release DLL|Win32.Build.0 = Release MX|Win32
		{664E6F0D-6784-4760-9565-D54F8EB1EDF4}.Release DLL|x64.ActiveCfg = Release MX|Win32
		{664E6F0D-6784-4760-9565-D54F8EB1EDF4}.Release MX|Win32.ActiveCfg = Release MX|Win32
		{664E6F0D-6784-4760-9565-D54F8EB1EDF4}.Release MX|Win32.Build.0 = Release MX|Win32
		{664E6F0D-6784-4760-9565-D54F8EB1EDF4}.Release MX|x64.ActiveCfg = Release MX|Win32
		{664E6F0D-6784-4760-9565-D54F8EB1EDF4}.Release SCRT|Win32.ActiveCfg = Release MX|Win32
		{664E6F0D-6784-4760-9565-D54F8EB1EDF4}.Release SCRT|Win32.Build.0 = Release MX|Win32
		{664E6F0D-6784-4760-9565-D54F8EB1EDF4}.Release SCRT|x64.ActiveCfg = Release MX|Win32
		{664E6F0D-6784-4760-9565-D54F8EB1EDF4}.Release|Win32.ActiveCfg = Release|Win32
		{664E6F0D-6784-4760-9565-D54F8EB1EDF4}.Release|Win32.Build.0 = Release|Win32
		{664E6F0D-6784-4760-9565-D54F8EB1EDF4}.Release|x64.ActiveCfg = Release|Win32
		{664E6F0D-6784-4760-9565-D54F8EB1EDF4}.RelWithDebInfo|Win32.ActiveCfg = Release MX|Win32
		{664E6F0D-6784-4760-9565-D54F8EB1EDF4}.RelWithDebInfo|Win32.Build.0 = Release MX|Win32
		{664E6F0D-6784-4760-9565-D54F8EB1EDF4}.RelWithDebInfo|x64.ActiveCfg = Release MX|Win32
		{664E6F0D-6784-4760-9565-D54F8EB1EDF4}.Template|Win32.ActiveCfg = Template|Win32
		{664E6F0D-6784-4760-9565-D54F8EB1EDF4}.Template|Win32.Build.0 = Template|Win32
		{664E6F0D-6784-4760-9565-D54F8EB1EDF4}.Template|x64.ActiveCfg = Template|Win32
		{21CD0EA8-7360-4E46-88D8-C28F9A2933BB}.Debug DLL|Win32.ActiveCfg = Debug|Win32
		{21CD0EA8-7360-4E46-88D8-C28F9A2933BB}.Debug DLL|Win32.Build.0 = Debug|Win32
		{21CD0EA8-7360-4E46-88D8-C28F9A2933BB}.Debug DLL|x64.ActiveCfg = Debug|Win32
		{21CD0EA8-7360-4E46-88D8-C28F9A2933BB}.Debug MX|Win32.ActiveCfg = Debug|Win32
		{21CD0EA8-7360-4E46-88D8-C28F9A2933BB}.Debug MX|Win32.Build.0 = Debug|Win32
		{21CD0EA8-7360-4E46-88D8-C28F9A2933BB}.Debug MX|x64.ActiveCfg = Debug|Win32
		{21CD0EA8-7360-4E46-88D8-C28F9A2933BB}.Debug SCRT|Win32.ActiveCfg = Debug|Win32
		{21CD0EA8-7360-4E46-88D8-C28F9A2933BB}.Debug SCRT|Win32.Build.0 = Debug|Win32
		{21CD0EA8-7360-4E46-88D8-C28F9A2933BB}.Debug SCRT|x64.ActiveCfg = Debug|Win32
		{21CD0EA8-7360-4E46-88D8-C28F9A2933BB}.Debug|Win32.ActiveCfg = Debug|Win32
		{21CD0EA8-7360-4E46-88D8-C28F9A2933BB}.Debug|Win32.Build.0 = Debug|Win32
		{21CD0EA8-7360-4E46-88D8-C28F9A2933BB}.Debug|x64.ActiveCfg = Debug|Win32
		{21CD0EA8-7360-4E46-88D8-C28F9A2933BB}.MinSizeRel|Win32.ActiveCfg = Release|Win32
		{21CD0EA8-7360-4E46-88D8-C28F9A2933BB}.MinSizeRel|Win32.Build.0 = Release|Win32
		{21CD0EA8-7360-4E46-88D8-C28F9A2933BB}.MinSizeRel|x64.ActiveCfg = Release|Win32
		{21CD0EA8-7360-4E46-88D8-C28F9A2933BB}.Release DLL|Win32.ActiveCfg = Release|Win32
		{21CD0EA8-7360-4E46-88D8-C28F9A2933BB}.Release DLL|Win32.Build.0 = Release|Win32
		{21CD0EA8-7360-4E46-88D8-C28F9A2933BB}.Release DLL|x64.ActiveCfg = Release|Win32
		{21CD0EA8-7360-4E46-88D8-C28F9A2933BB}.Release MX|Win32.ActiveCfg = Release|Win32
		{21CD0EA8-7360-4E46-88D8-C28F9A2933BB}.Release MX|Win32.Build.0 = Release|Win32
		{21CD0EA8-7360-4E46-88D8-C28F9A2933BB}.Release MX|x64.ActiveCfg = Release|Win32
		{21CD0EA8-7360-4E46-88D8-C28F9A2933BB}.Release SCRT|Win32.ActiveCfg = Release|Win32
		{21CD0EA8-7360-4E46-88D8-C28F9A2933BB}.Release SCRT|Win32.Build.0 = Release|Win32
		{21CD0EA8-7360-4E46-88D8-C28F9A2933BB}.Release SCRT|x64.ActiveCfg = Release|Win32
		{21CD0EA8-7360-4E46-88D8-C28F9A2933BB}.Release|Win32.ActiveCfg = Release|Win32
		{21CD0EA8-7360-4E46-88D8-C28F9A2933BB}.Release|Win32.Build.0 = Release|Win32
		{21CD0EA8-7360-4E46-88D8-C28F9A2933BB}.Release|x64.ActiveCfg = Release|Win32
		{21CD0EA8-7360-4E46-88D8-C28F9A2933BB}.RelWithDebInfo|Win32.ActiveCfg = Release|Win32
		{21CD0EA8-7360-4E46-88D8-C28F9A2933BB}.RelWithDebInfo|Win32.Build.0 = Release|Win32
		{21CD0EA8-7360-4E46-88D8-C28F9A2933BB}.RelWithDebInfo|x64.ActiveCfg = Release|Win32
		{21CD0EA8-7360-4E46-88D8-C28F9A2933BB}.Template|Win32.ActiveCfg = Release|Win32
		{21CD0EA8-7360-4E46-88D8-C28F9A2933BB}.Template|Win32.Build.0 = Release|Win32
		{21CD0EA8-7360-4E46-88D8-C28F9A2933BB}.Template|x64.ActiveCfg = Release|Win32
		{C32FB2B4-500C-43CD-A099-EECCE079D3F1}.Debug DLL|Win32.ActiveCfg = Debug|Win32
		{C32FB2B4-500C-43CD-A099-EECCE079D3F1}.Debug DLL|Win32.Build.0 = Debug|Win32
		{C32FB2B4-500C-43CD-A099-EECCE079D3F1}.Debug DLL|x64.ActiveCfg = Debug|x64
		{C32FB2B4-500C-43CD-A099-EECCE079D3F1}.Debug DLL|x64.Build.0 = Debug|x64
		{C32FB2B4-500C-43CD-A099-EECCE079D3F1}.Debug MX|Win32.ActiveCfg = Debug|Win32
		{C32FB2B4-500C-43CD-A099-EECCE079D3F1}.Debug MX|Win32.Build.0 = Debug|Win32
		{C32FB2B4-500C-43CD-A099-EECCE079D3F1}.Debug MX|x64.ActiveCfg = Debug|x64
		{C32FB2B4-500C-43CD-A099-EECCE079D3F1}.Debug MX|x64.Build.0 = Debug|x64
		{C32FB2B4-500C-43CD-A099-EECCE079D3F1}.Debug SCRT|Win32.ActiveCfg = Debug|Win32
		{C32FB2B4-500C-43CD-A099-EECCE079D3F1}.Debug SCRT|Win32.Build.0 = Debug|Win32
		{C32FB2B4-500C-43CD-A099-EECCE079D3F1}.Debug SCRT|x64.ActiveCfg = Debug|x64
		{C32FB2B4-500C-43CD-A099-EECCE079D3F1}.Debug SCRT|x64.Build.0 = Debug|x64
		{C32FB2B4-500C-43CD-A099-EECCE079D3F1}.Debug|Win32.ActiveCfg = Debug|Win32
		{C32FB2B4-500C-43CD-A099-EECCE079D3F1}.Debug|Win32.Build.0 = Debug|Win32
		{C32FB2B4-500C-43CD-A099-EECCE079D3F1}.Debug|x64.ActiveCfg = Debug|x64
		{C32FB2B4-500C-43CD-A099-EECCE079D3F1}.Debug|x64.Build.0 = Debug|x64
		{C32FB2B4-500C-43CD-A099-EECCE079D3F1}.MinSizeRel|Win32.ActiveCfg = Release|Win32
		{C32FB2B4-500C-43CD-A099-EECCE079D3F1}.MinSizeRel|Win32.Build.0 = Release|Win32
		{C32FB2B4-500C-43CD-A099-EECCE079D3F1}.MinSizeRel|x64.ActiveCfg = Release|x64
		{C32FB2B4-500C-43CD-A099-EECCE079D3F1}.MinSizeRel|x64.Build.0 = Release|x64
		{C32FB2B4-500C-43CD-A099-EECCE079D3F1}.Release DLL|Win32.ActiveCfg = Release|Win32
		{C32FB2B4-500C-43CD-A099-EECCE079D3F1}.Release DLL|Win32.Build.0 = Release|Win32
		{C32FB2B4-500C-43CD-A099-EECCE079D3F1}.Release DLL|x64.ActiveCfg = Release|x64
		{C32FB2B4-500C-43CD-A099-EECCE079D3F1}.Release DLL|x64.Build.0 = Release|x64
		{C32FB2B4-500C-43CD-A099-EECCE079D3F1}.Release MX|Win32.ActiveCfg = Release|Win32
		{C32FB2B4-500C-43CD-A099-EECCE079D3F1}.Release MX|Win32.Build.0 = Release|Win32
		{C32FB2B4-500C-43CD-A099-EECCE079D3F1}.Release MX|x64.ActiveCfg = Release|x64
		{C32FB2B4-500C-43CD-A099-EECCE079D3F1}.Release MX|x64.Build.0 = Release|x64
		{C32FB2B4-500C-43CD-A099-EECCE079D3F1}.Release SCRT|Win32.ActiveCfg = Release|Win32
		{C32FB2B4-500C-43CD-A099-EECCE079D3F1}.Release SCRT|Win32.Build.0 = Release|Win32
		{C32FB2B4-500C-43CD-A099-EECCE079D3F1}.Release SCRT|x64.ActiveCfg = Release|x64
		{C32FB2B4-500C-43CD-A099-EECCE079D3F1}.Release SCRT|x64.Build.0 = Release|x64
		{C32FB2B4-500C-43CD-A099-EECCE079D3F1}.Release|Win32.ActiveCfg = Release|Win32
		{C32FB2B4-500C-43CD-A099-EECCE079D3F1}.Release|Win32.Build.0 = Release|Win32
		{C32FB2B4-500C-43CD-A099-EECCE079D3F1}.Release|x64.ActiveCfg = Release|x64
		{C32FB2B4-500C-43CD-A099-EECCE079D3F1}.Release|x64.Build.0 = Release|x64
		{C32FB2B4-500C-43CD-A099-EECCE079D3F1}.RelWithDebInfo|Win32.ActiveCfg = Release|Win32
		{C32FB2B4-500C-43CD-A099-EECCE079D3F1}.RelWithDebInfo|Win32.Build.0 = Release|Win32
		{C32FB2B4-500C-43CD-A099-EECCE079D3F1}.RelWithDebInfo|x64.ActiveCfg = Release|x64
		{C32FB2B4-500C-43CD-A099-EECCE079D3F1}.RelWithDebInfo|x64.Build.0 = Release|x64
		{C32FB2B4-500C-43CD-A099-EECCE079D3F1}.Template|Win32.ActiveCfg = Release|Win32
		{C32FB2B4-500C-43CD-A099-EECCE079D3F1}.Template|Win32.Build.0 = Release|Win32
		{C32FB2B4-500C-43CD-A099-EECCE079D3F1}.Template|x64.ActiveCfg = Release|x64
		{C32FB2B4-500C-43CD-A099-EECCE079D3F1}.Template|x64.Build.0 = Release|x64
		{F9598BBC-D10F-4EAD-9115-017021BA0BA6}.Debug DLL|Win32.ActiveCfg = Debug|Win32
		{F9598BBC-D10F-4EAD-9115-017021BA0BA6}.Debug DLL|Win32.Build.0 = Debug|Win32
		{F9598BBC-D10F-4EAD-9115-017021BA0BA6}.Debug DLL|x64.ActiveCfg = Debug|Win32
		{F9598BBC-D10F-4EAD-9115-017021BA0BA6}.Debug MX|Win32.ActiveCfg = Debug|Win32
		{F9598BBC-D10F-4EAD-9115-017021BA0BA6}.Debug MX|Win32.Build.0 = Debug|Win32
		{F9598BBC-D10F-4EAD-9115-017021BA0BA6}.Debug MX|x64.ActiveCfg = Debug|Win32
		{F9598BBC-D10F-4EAD-9115-017021BA0BA6}.Debug SCRT|Win32.ActiveCfg = Debug|Win32
		{F9598BBC-D10F-4EAD-9115-017021BA0BA6}.Debug SCRT|Win32.Build.0 = Debug|Win32
		{F9598BBC-D10F-4EAD-9115-017021BA0BA6}.Debug SCRT|x64.ActiveCfg = Debug|Win32
		{F9598BBC-D10F-4EAD-9115-017021BA0BA6}.Debug|Win32.ActiveCfg = Debug|Win32
		{F9598BBC-D10F-4EAD-9115-017021BA0BA6}.Debug|Win32.Build.0 = Debug|Win32
		{F9598BBC-D10F-4EAD-9115-017021BA0BA6}.Debug|x64.ActiveCfg = Debug|Win32
		{F9598BBC-D10F-4EAD-9115-017021BA0BA6}.MinSizeRel|Win32.ActiveCfg = Release|Win32
		{F9598BBC-D10F-4EAD-9115-017021BA0BA6}.MinSizeRel|Win32.Build.0 = Release|Win32
		{F9598BBC-D10F-4EAD-9115-017021BA0BA6}.MinSizeRel|x64.ActiveCfg = Release|Win32
		{F9598BBC-D10F-4EAD-9115-017021BA0BA6}.Release DLL|Win32.ActiveCfg = Release|Win32
		{F9598BBC-D10F-4EAD-9115-017021BA0BA6}.Release DLL|Win32.Build.0 = Release|Win32
		{F9598BBC-D10F-4EAD-9115-017021BA0BA6}.Release DLL|x64.ActiveCfg = Release|Win32
		{F9598BBC-D10F-4EAD-9115-017021BA0BA6}.Release MX|Win32.ActiveCfg = Release|Win32
		{F9598BBC-D10F-4EAD-9115-017021BA0BA6}.Release MX|Win32.Build.0 = Release|Win32
		{F9598BBC-D10F-4EAD-9115-017021BA0BA6}.Release MX|x64.ActiveCfg = Release|Win32
		{F9598BBC-D10F-4EAD-9115-017021BA0BA6}.Release SCRT|Win32.ActiveCfg = Release|Win32
		{F9598BBC-D10F-4EAD-9115-017021BA0BA6}.Release SCRT|Win32.Build.0 = Release|Win32
		{F9598BBC-D10F-4EAD-9115-017021BA0BA6}.Release SCRT|x64.ActiveCfg = Release|Win32
		{F9598BBC-D10F-4EAD-9115-017021BA0BA6}.Release|Win32.ActiveCfg = Release|Win32
		{F9598BBC-D10F-4EAD-9115-017021BA0BA6}.Release|Win32.Build.0 = Release|Win32
		{F9598BBC-D10F-4EAD-9115-017021BA0BA6}.Release|x64.ActiveCfg = Release|Win32
		{F9598BBC-D10F-4EAD-9115-017021BA0BA6}.RelWithDebInfo|Win32.ActiveCfg = Release|Win32
		{F9598BBC-D10F-4EAD-9115-017021BA0BA6}.RelWithDebInfo|Win32.Build.0 = Release|Win32
		{F9598BBC-D10F-4EAD-9115-017021BA0BA6}.RelWithDebInfo|x64.ActiveCfg = Release|Win32
		{F9598BBC-D10F-4EAD-9115-017021BA0BA6}.Template|Win32.ActiveCfg = Release|Win32
		{F9598BBC-D10F-4EAD-9115-017021BA0BA6}.Template|Win32.Build.0 = Release|Win32
		{F9598BBC-D10F-4EAD-9115-017021BA0BA6}.Template|x64.ActiveCfg = Release|Win32
		{3F882649-983F-404A-827E-FC7C5E345C5A}.Debug DLL|Win32.ActiveCfg = Debug|Win32
		{3F882649-983F-404A-827E-FC7C5E345C5A}.Debug DLL|Win32.Build.0 = Debug|Win32
		{3F882649-983F-404A-827E-FC7C5E345C5A}.Debug DLL|x64.ActiveCfg = Debug|Win32
		{3F882649-983F-404A-827E-FC7C5E345C5A}.Debug MX|Win32.ActiveCfg = Debug|Win32
		{3F882649-983F-404A-827E-FC7C5E345C5A}.Debug MX|Win32.Build.0 = Debug|Win32
		{3F882649-983F-404A-827E-FC7C5E345C5A}.Debug MX|x64.ActiveCfg = Debug|Win32
		{3F882649-983F-404A-827E-FC7C5E345C5A}.Debug SCRT|Win32.ActiveCfg = Debug|Win32
		{3F882649-983F-404A-827E-FC7C5E345C5A}.Debug SCRT|Win32.Build.0 = Debug|Win32
		{3F882649-983F-404A-827E-FC7C5E345C5A}.Debug SCRT|x64.ActiveCfg = Debug|Win32
		{3F882649-983F-404A-827E-FC7C5E345C5A}.Debug|Win32.ActiveCfg = Debug|Win32
		{3F882649-983F-404A-827E-FC7C5E345C5A}.Debug|Win32.Build.0 = Debug|Win32
		{3F882649-983F-404A-827E-FC7C5E345C5A}.Debug|x64.ActiveCfg = Debug|Win32
		{3F882649-983F-404A-827E-FC7C5E345C5A}.MinSizeRel|Win32.ActiveCfg = Release|Win32
		{3F882649-983F-404A-827E-FC7C5E345C5A}.MinSizeRel|Win32.Build.0 = Release|Win32
		{3F882649-983F-404A-827E-FC7C5E345C5A}.MinSizeRel|x64.ActiveCfg = Release|Win32
		{3F882649-983F-404A-827E-FC7C5E345C5A}.Release DLL|Win32.ActiveCfg = Release|Win32
		{3F882649-983F-404A-827E-FC7C5E345C5A}.Release DLL|Win32.Build.0 = Release|Win32
		{3F882649-983F-404A-827E-FC7C5E345C5A}.Release DLL|x64.ActiveCfg = Release|Win32
		{3F882649-983F-404A-827E-FC7C5E345C5A}.Release MX|Win32.ActiveCfg = Release|Win32
		{3F882649-983F-404A-827E-FC7C5E345C5A}.Release MX|Win32.Build.0 = Release|Win32
		{3F882649-983F-404A-827E-FC7C5E345C5A}.Release MX|x64.ActiveCfg = Release|Win32
		{3F882649-983F-404A-827E-FC7C5E345C5A}.Release SCRT|Win32.ActiveCfg = Release|Win32
		{3F882649-983F-404A-827E-FC7C5E345C5A}.Release SCRT|Win32.Build.0 = Release|Win32
		{3F882649-983F-404A-827E-FC7C5E345C5A}.Release SCRT|x64.ActiveCfg = Release|Win32
		{3F882649-983F-404A-827E-FC7C5E345C5A}.Release|Win32.ActiveCfg = Release|Win32
		{3F882649-983F-404A-827E-FC7C5E345C5A}.Release|Win32.Build.0 = Release|Win32
		{3F882649-983F-404A-827E-FC7C5E345C5A}.Release|x64.ActiveCfg = Release|Win32
		{3F882649-983F-404A-827E-FC7C5E345C5A}.RelWithDebInfo|Win32.ActiveCfg = Release|Win32
		{3F882649-983F-404A-827E-FC7C5E345C5A}.RelWithDebInfo|Win32.Build.0 = Release|Win32
		{3F882649-983F-404A-827E-FC7C5E345C5A}.RelWithDebInfo|x64.ActiveCfg = Release|Win32
		{3F882649-983F-404A-827E-FC7C5E345C5A}.Template|Win32.ActiveCfg = Release|Win32
		{3F882649-983F-404A-827E-FC7C5E345C5A}.Template|Win32.Build.0 = Release|Win32
		{3F882649-983F-404A-827E-FC7C5E345C5A}.Template|x64.ActiveCfg = Release|Win32
		{EEDF797B-C1F5-4563-A7A7-87256B602B3A}.Debug DLL|Win32.ActiveCfg = Debug|Win32
		{EEDF797B-C1F5-4563-A7A7-87256B602B3A}.Debug DLL|Win32.Build.0 = Debug|Win32
		{EEDF797B-C1F5-4563-A7A7-87256B602B3A}.Debug DLL|x64.ActiveCfg = Debug|Win32
		{EEDF797B-C1F5-4563-A7A7-87256B602B3A}.Debug MX|Win32.ActiveCfg = Debug|Win32
		{EEDF797B-C1F5-4563-A7A7-87256B602B3A}.Debug MX|Win32.Build.0 = Debug|Win32
		{EEDF797B-C1F5-4563-A7A7-87256B602B3A}.Debug MX|x64.ActiveCfg = Debug|Win32
		{EEDF797B-C1F5-4563-A7A7-87256B602B3A}.Debug SCRT|Win32.ActiveCfg = Debug|Win32
		{EEDF797B-C1F5-4563-A7A7-87256B602B3A}.Debug SCRT|Win32.Build.0 = Debug|Win32
		{EEDF797B-C1F5-4563-A7A7-87256B602B3A}.Debug SCRT|x64.ActiveCfg = Debug|Win32
		{EEDF797B-C1F5-4563-A7A7-87256B602B3A}.Debug|Win32.ActiveCfg = Debug|Win32
		{EEDF797B-C1F5-4563-A7A7-87256B602B3A}.Debug|Win32.Build.0 = Debug|Win32
		{EEDF797B-C1F5-4563-A7A7-87256B602B3A}.Debug|x64.ActiveCfg = Debug|Win32
		{EEDF797B-C1F5-4563-A7A7-87256B602B3A}.MinSizeRel|Win32.ActiveCfg = Release|Win32
		{EEDF797B-C1F5-4563-A7A7-87256B602B3A}.MinSizeRel|Win32.Build.0 = Release|Win32
		{EEDF797B-C1F5-4563-A7A7-87256B602B3A}.MinSizeRel|x64.ActiveCfg = Release|Win32
		{EEDF797B-C1F5-4563-A7A7-87256B602B3A}.Release DLL|Win32.ActiveCfg = Release|Win32
		{EEDF797B-C1F5-4563-A7A7-87256B602B3A}.Release DLL|Win32.Build.0 = Release|Win32
		{EEDF797B-C1F5-4563-A7A7-87256B602B3A}.Release DLL|x64.ActiveCfg = Release|Win32
		{EEDF797B-C1F5-4563-A7A7-87256B602B3A}.Release MX|Win32.ActiveCfg = Release|Win32
		{EEDF797B-C1F5-4563-A7A7-87256B602B3A}.Release MX|Win32.Build.0 = Release|Win32
		{EEDF797B-C1F5-4563-A7A7-87256B602B3A}.Release MX|x64.ActiveCfg = Release|Win32
		{EEDF797B-C1F5-4563-A7A7-87256B602B3A}.Release SCRT|Win32.ActiveCfg = Release|Win32
		{EEDF797B-C1F5-4563-A7A7-87256B602B3A}.Release SCRT|Win32.Build.0 = Release|Win32
		{EEDF797B-C1F5-4563-A7A7-87256B602B3A}.Release SCRT|x64.ActiveCfg = Release|Win32
		{EEDF797B-C1F5-4563-A7A7-87256B602B3A}.Release|Win32.ActiveCfg = Release|Win32
		{EEDF797B-C1F5-4563-A7A7-87256B602B3A}.Release|Win32.Build.0 = Release|Win32
		{EEDF797B-C1F5-4563-A7A7-87256B602B3A}.Release|x64.ActiveCfg = Release|Win32
		{EEDF797B-C1F5-4563-A7A7-87256B602B3A}.RelWithDebInfo|Win32.ActiveCfg = Release|Win32
		{EEDF797B-C1F5-4563-A7A7-87256B602B3A}.RelWithDebInfo|Win32.Build.0 = Release|Win32
		{EEDF797B-C1F5-4563-A7A7-87256B602B3A}.RelWithDebInfo|x64.ActiveCfg = Release|Win32
		{EEDF797B-C1F5-4563-A7A7-87256B602B3A}.Template|Win32.ActiveCfg = Release|Win32
		{EEDF797B-C1F5-4563-A7A7-87256B602B3A}.Template|Win32.Build.0 = Release|Win32
		{EEDF797B-C1F5-4563-A7A7-87256B602B3A}.Template|x64.ActiveCfg = Release|Win32
		{5C34C10D-0465-4984-912B-F31FDE0632A0}.Debug DLL|Win32.ActiveCfg = Debug|Win32
		{5C34C10D-0465-4984-912B-F31FDE0632A0}.Debug DLL|Win32.Build.0 = Debug|Win32
		{5C34C10D-0465-4984-912B-F31FDE0632A0}.Debug DLL|x64.ActiveCfg = Debug|Win32
		{5C34C10D-0465-4984-912B-F31FDE0632A0}.Debug MX|Win32.ActiveCfg = Debug|Win32
		{5C34C10D-0465-4984-912B-F31FDE0632A0}.Debug MX|Win32.Build.0 = Debug|Win32
		{5C34C10D-0465-4984-912B-F31FDE0632A0}.Debug MX|x64.ActiveCfg = Debug|Win32
		{5C34C10D-0465-4984-912B-F31FDE0632A0}.Debug SCRT|Win32.ActiveCfg = Debug|Win32
		{5C34C10D-0465-4984-912B-F31FDE0632A0}.Debug SCRT|Win32.Build.0 = Debug|Win32
		{5C34C10D-0465-4984-912B-F31FDE0632A0}.Debug SCRT|x64.ActiveCfg = Debug|Win32
		{5C34C10D-0465-4984-912B-F31FDE0632A0}.Debug|Win32.ActiveCfg = Debug|Win32
		{5C34C10D-0465-4984-912B-F31FDE0632A0}.Debug|Win32.Build.0 = Debug|Win32
		{5C34C10D-0465-4984-912B-F31FDE0632A0}.Debug|x64.ActiveCfg = Debug|Win32
		{5C34C10D-0465-4984-912B-F31FDE0632A0}.MinSizeRel|Win32.ActiveCfg = Release|Win32
		{5C34C10D-0465-4984-912B-F31FDE0632A0}.MinSizeRel|Win32.Build.0 = Release|Win32
		{5C34C10D-0465-4984-912B-F31FDE0632A0}.MinSizeRel|x64.ActiveCfg = Release|Win32
		{5C34C10D-0465-4984-912B-F31FDE0632A0}.Release DLL|Win32.ActiveCfg = Release|Win32
		{5C34C10D-0465-4984-912B-F31FDE0632A0}.Release DLL|Win32.Build.0 = Release|Win32
		{5C34C10D-0465-4984-912B-F31FDE0632A0}.Release DLL|x64.ActiveCfg = Release|Win32
		{5C34C10D-0465-4984-912B-F31FDE0632A0}.Release MX|Win32.ActiveCfg = Release|Win32
		{5C34C10D-0465-4984-912B-F31FDE0632A0}.Release MX|Win32.Build.0 = Release|Win32
		{5C34C10D-0465-4984-912B-F31FDE0632A0}.Release MX|x64.ActiveCfg = Release|Win32
		{5C34C10D-0465-4984-912B-F31FDE0632A0}.Release SCRT|Win32.ActiveCfg = Release|Win32
		{5C34C10D-0465-4984-912B-F31FDE0632A0}.Release SCRT|Win32.Build.0 = Release|Win32
		{5C34C10D-0465-4984-912B-F31FDE0632A0}.Release SCRT|x64.ActiveCfg = Release|Win32
		{5C34C10D-0465-4984-912B-F31FDE0632A0}.Release|Win32.ActiveCfg = Release|Win32
		{5C34C10D-0465-4984-912B-F31FDE0632A0}.Release|Win32.Build.0 = Release|Win32
		{5C34C10D-0465-4984-912B-F31FDE0632A0}.Release|x64.ActiveCfg = Release|Win32
		{5C34C10D-0465-4984-912B-F31FDE0632A0}.RelWithDebInfo|Win32.ActiveCfg = Release|Win32
		{5C34C10D-0465-4984-912B-F31FDE0632A0}.RelWithDebInfo|Win32.Build.0 = Release|Win32
		{5C34C10D-0465-4984-912B-F31FDE0632A0}.RelWithDebInfo|x64.ActiveCfg = Release|Win32
		{5C34C10D-0465-4984-912B-F31FDE0632A0}.Template|Win32.ActiveCfg = Release|Win32
		{5C34C10D-0465-4984-912B-F31FDE0632A0}.Template|Win32.Build.0 = Release|Win32
		{5C34C10D-0465-4984-912B-F31FDE0632A0}.Template|x64.ActiveCfg = Release|Win32
		{17725193-01E5-4F3F-8B12-B41F04537F5C}.Debug DLL|Win32.ActiveCfg = Debug|Win32
		{17725193-01E5-4F3F-8B12-B41F04537F5C}.Debug DLL|Win32.Build.0 = Debug|Win32
		{17725193-01E5-4F3F-8B12-B41F04537F5C}.Debug DLL|x64.ActiveCfg = Debug|Win32
		{17725193-01E5-4F3F-8B12-B41F04537F5C}.Debug MX|Win32.ActiveCfg = Debug|Win32
		{17725193-01E5-4F3F-8B12-B41F04537F5C}.Debug MX|Win32.Build.0 = Debug|Win32
		{17725193-01E5-4F3F-8B12-B41F04537F5C}.Debug MX|x64.ActiveCfg = Debug|Win32
		{17725193-01E5-4F3F-8B12-B41F04537F5C}.Debug SCRT|Win32.ActiveCfg = Debug|Win32
		{17725193-01E5-4F3F-8B12-B41F04537F5C}.Debug SCRT|Win32.Build.0 = Debug|Win32
		{17725193-01E5-4F3F-8B12-B41F04537F5C}.Debug SCRT|x64.ActiveCfg = Debug|Win32
		{17725193-01E5-4F3F-8B12-B41F04537F5C}.Debug|Win32.ActiveCfg = Debug|Win32
		{17725193-01E5-4F3F-8B12-B41F04537F5C}.Debug|Win32.Build.0 = Debug|Win32
		{17725193-01E5-4F3F-8B12-B41F04537F5C}.Debug|x64.ActiveCfg = Debug|Win32
		{17725193-01E5-4F3F-8B12-B41F04537F5C}.MinSizeRel|Win32.ActiveCfg = Release|Win32
		{17725193-01E5-4F3F-8B12-B41F04537F5C}.MinSizeRel|Win32.Build.0 = Release|Win32
		{17725193-01E5-4F3F-8B12-B41F04537F5C}.MinSizeRel|x64.ActiveCfg = Release|Win32
		{17725193-01E5-4F3F-8B12-B41F04537F5C}.Release DLL|Win32.ActiveCfg = Release|Win32
		{17725193-01E5-4F3F-8B12-B41F04537F5C}.Release DLL|Win32.Build.0 = Release|Win32
		{17725193-01E5-4F3F-8B12-B41F04537F5C}.Release DLL|x64.ActiveCfg = Release|Win32
		{17725193-01E5-4F3F-8B12-B41F04537F5C}.Release MX|Win32.ActiveCfg = Release|Win32
		{17725193-01E5-4F3F-8B12-B41F04537F5C}.Release MX|Win32.Build.0 = Release|Win32
		{17725193-01E5-4F3F-8B12-B41F04537F5C}.Release MX|x64.ActiveCfg = Release|Win32
		{17725193-01E5-4F3F-8B12-B41F04537F5C}.Release SCRT|Win32.ActiveCfg = Release|Win32
		{17725193-01E5-4F3F-8B12-B41F04537F5C}.Release SCRT|Win32.Build.0 = Release|Win32
		{17725193-01E5-4F3F-8B12-B41F04537F5C}.Release SCRT|x64.ActiveCfg = Release|Win32
		{17725193-01E5-4F3F-8B12-B41F04537F5C}.Release|Win32.ActiveCfg = Release|Win32
		{17725193-01E5-4F3F-8B12-B41F04537F5C}.Release|Win32.Build.0 = Release|Win32
		{17725193-01E5-4F3F-8B12-B41F04537F5C}.Release|x64.ActiveCfg = Release|Win32
		{17725193-01E5-4F3F-8B12-B41F04537F5C}.RelWithDebInfo|Win32.ActiveCfg = Release|Win32
		{17725193-01E5-4F3F-8B12-B41F04537F5C}.RelWithDebInfo|Win32.Build.0 = Release|Win32
		{17725193-01E5-4F3F-8B12-B41F04537F5C}.RelWithDebInfo|x64.ActiveCfg = Release|Win32
		{17725193-01E5-4F3F-8B12-B41F04537F5C}.Template|Win32.ActiveCfg = Release|Win32
		{17725193-01E5-4F3F-8B12-B41F04537F5C}.Template|Win32.Build.0 = Release|Win32
		{17725193-01E5-4F3F-8B12-B41F04537F5C}.Template|x64.ActiveCfg = Release|Win32
		{0EE0355C-5405-41B8-B3B2-D5919FECEE74}.Debug DLL|Win32.ActiveCfg = Debug|Win32
		{0EE0355C-5405-41B8-B3B2-D5919FECEE74}.Debug DLL|Win32.Build.0 = Debug|Win32
		{0EE0355C-5405-41B8-B3B2-D5919FECEE74}.Debug DLL|x64.ActiveCfg = Debug|Win32
		{0EE0355C-5405-41B8-B3B2-D5919FECEE74}.Debug MX|Win32.ActiveCfg = Debug|Win32
		{0EE0355C-5405-41B8-B3B2-D5919FECEE74}.Debug MX|Win32.Build.0 = Debug|Win32
		{0EE0355C-5405-41B8-B3B2-D5919FECEE74}.Debug MX|x64.ActiveCfg = Debug|Win32
		{0EE0355C-5405-41B8-B3B2-D5919FECEE74}.Debug SCRT|Win32.ActiveCfg = Debug|Win32
		{0EE0355C-5405-41B8-B3B2-D5919FECEE74}.Debug SCRT|Win32.Build.0 = Debug|Win32
		{0EE0355C-5405-41B8-B3B2-D5919FECEE74}.Debug SCRT|x64.ActiveCfg = Debug|Win32
		{0EE0355C-5405-41B8-B3B2-D5919FECEE74}.Debug|Win32.ActiveCfg = Debug|Win32
		{0EE0355C-5405-41B8-B3B2-D5919FECEE74}.Debug|Win32.Build.0 = Debug|Win32
		{0EE0355C-5405-41B8-B3B2-D5919FECEE74}.Debug|x64.ActiveCfg = Debug|Win32
		{0EE0355C-5405-41B8-B3B2-D5919FECEE74}.MinSizeRel|Win32.ActiveCfg = Release|Win32
		{0EE0355C-5405-41B8-B3B2-D5919FECEE74}.MinSizeRel|Win32.Build.0 = Release|Win32
		{0EE0355C-5405-41B8-B3B2-D5919FECEE74}.MinSizeRel|x64.ActiveCfg = Release|Win32
		{0EE0355C-5405-41B8-B3B2-D5919FECEE74}.Release DLL|Win32.ActiveCfg = Release|Win32
		{0EE0355C-5405-41B8-B3B2-D5919FECEE74}.Release DLL|Win32.Build.0 = Release|Win32
		{0EE0355C-5405-41B8-B3B2-D5919FECEE74}.Release DLL|x64.ActiveCfg = Release|Win32
		{0EE0355C-5405-41B8-B3B2-D5919FECEE74}.Release MX|Win32.ActiveCfg = Release|Win32
		{0EE0355C-5405-41B8-B3B2-D5919FECEE74}.Release MX|Win32.Build.0 = Release|Win32
		{0EE0355C-5405-41B8-B3B2-D5919FECEE74}.Release MX|x64.ActiveCfg = Release|Win32
		{0EE0355C-5405-41B8-B3B2-D5919FECEE74}.Release SCRT|Win32.ActiveCfg = Release|Win32
		{0EE0355C-5405-41B8-B3B2-D5919FECEE74}.Release SCRT|Win32.Build.0 = Release|Win32
		{0EE0355C-5405-41B8-B3B2-D5919FECEE74}.Release SCRT|x64.ActiveCfg = Release|Win32
		{0EE0355C-5405-41B8-B3B2-D5919FECEE74}.Release|Win32.ActiveCfg = Release|Win32
		{0EE0355C-5405-41B8-B3B2-D5919FECEE74}.Release|Win32.Build.0 = Release|Win32
		{0EE0355C-5405-41B8-B3B2-D5919FECEE74}.Release|x64.ActiveCfg = Release|Win32
		{0EE0355C-5405-41B8-B3B2-D5919FECEE74}.RelWithDebInfo|Win32.ActiveCfg = Release|Win32
		{0EE0355C-5405-41B8-B3B2-D5919FECEE74}.RelWithDebInfo|Win32.Build.0 = Release|Win32
		{0EE0355C-5405-41B8-B3B2-D5919FECEE74}.RelWithDebInfo|x64.ActiveCfg = Release|Win32
		{0EE0355C-5405-41B8-B3B2-D5919FECEE74}.Template|Win32.ActiveCfg = Release|Win32
		{0EE0355C-5405-41B8-B3B2-D5919FECEE74}.Template|Win32.Build.0 = Release|Win32
		{0EE0355C-5405-41B8-B3B2-D5919FECEE74}.Template|x64.ActiveCfg = Release|Win32
		{13C4DC8C-4E4C-4DBA-89FB-DBB99D92C766}.Debug DLL|Win32.ActiveCfg = Debug|Win32
		{13C4DC8C-4E4C-4DBA-89FB-DBB99D92C766}.Debug DLL|Win32.Build.0 = Debug|Win32
		{13C4DC8C-4E4C-4DBA-89FB-DBB99D92C766}.Debug DLL|x64.ActiveCfg = Debug|Win32
		{13C4DC8C-4E4C-4DBA-89FB-DBB99D92C766}.Debug MX|Win32.ActiveCfg = Debug|Win32
		{13C4DC8C-4E4C-4DBA-89FB-DBB99D92C766}.Debug MX|Win32.Build.0 = Debug|Win32
		{13C4DC8C-4E4C-4DBA-89FB-DBB99D92C766}.Debug MX|x64.ActiveCfg = Debug|Win32
		{13C4DC8C-4E4C-4DBA-89FB-DBB99D92C766}.Debug SCRT|Win32.ActiveCfg = Debug|Win32
		{13C4DC8C-4E4C-4DBA-89FB-DBB99D92C766}.Debug SCRT|Win32.Build.0 = Debug|Win32
		{13C4DC8C-4E4C-4DBA-89FB-DBB99D92C766}.Debug SCRT|x64.ActiveCfg = Debug|Win32
		{13C4DC8C-4E4C-4DBA-89FB-DBB99D92C766}.Debug|Win32.ActiveCfg = Debug|Win32
		{13C4DC8C-4E4C-4DBA-89FB-DBB99D92C766}.Debug|Win32.Build.0 = Debug|Win32
		{13C4DC8C-4E4C-4DBA-89FB-DBB99D92C766}.Debug|x64.ActiveCfg = Debug|Win32
		{13C4DC8C-4E4C-4DBA-89FB-DBB99D92C766}.MinSizeRel|Win32.ActiveCfg = Release|Win32
		{13C4DC8C-4E4C-4DBA-89FB-DBB99D92C766}.MinSizeRel|Win32.Build.0 = Release|Win32
		{13C4DC8C-4E4C-4DBA-89FB-DBB99D92C766}.MinSizeRel|x64.ActiveCfg = Release|Win32
		{13C4DC8C-4E4C-4DBA-89FB-DBB99D92C766}.Release DLL|Win32.ActiveCfg = Release|Win32
		{13C4DC8C-4E4C-4DBA-89FB-DBB99D92C766}.Release DLL|Win32.Build.0 = Release|Win32
		{13C4DC8C-4E4C-4DBA-89FB-DBB99D92C766}.Release DLL|x64.ActiveCfg = Release|Win32
		{13C4DC8C-4E4C-4DBA-89FB-DBB99D92C766}.Release MX|Win32.ActiveCfg = Release|Win32
		{13C4DC8C-4E4C-4DBA-89FB-DBB99D92C766}.Release MX|Win32.Build.0 = Release|Win32
		{13C4DC8C-4E4C-4DBA-89FB-DBB99D92C766}.Release MX|x64.ActiveCfg = Release|Win32
		{13C4DC8C-4E4C-4DBA-89FB-DBB99D92C766}.Release SCRT|Win32.ActiveCfg = Release|Win32
		{13C4DC8C-4E4C-4DBA-89FB-DBB99D92C766}.Release SCRT|Win32.Build.0 = Release|Win32
		{13C4DC8C-4E4C-4DBA-89FB-DBB99D92C766}.Release SCRT|x64.ActiveCfg = Release|Win32
		{13C4DC8C-4E4C-4DBA-89FB-DBB99D92C766}.Release|Win32.ActiveCfg = Release|Win32
		{13C4DC8C-4E4C-4DBA-89FB-DBB99D92C766}.Release|Win32.Build.0 = Release|Win32
		{13C4DC8C-4E4C-4DBA-89FB-DBB99D92C766}.Release|x64.ActiveCfg = Release|Win32
		{13C4DC8C-4E4C-4DBA-89FB-DBB99D92C766}.RelWithDebInfo|Win32.ActiveCfg = Release|Win32
		{13C4DC8C-4E4C-4DBA-89FB-DBB99D92C766}.RelWithDebInfo|Win32.Build.0 = Release|Win32
		{13C4DC8C-4E4C-4DBA-89FB-DBB99D92C766}.RelWithDebInfo|x64.ActiveCfg = Release|Win32
		{13C4DC8C-4E4C-4DBA-89FB-DBB99D92C766}.Template|Win32.ActiveCfg = Release|Win32
		{13C4DC8C-4E4C-4DBA-89FB-DBB99D92C766}.Template|Win32.Build.0 = Release|Win32
		{13C4DC8C-4E4C-4DBA-89FB-DBB99D92C766}.Template|x64.ActiveCfg = Release|Win32
		{C1ACE86E-5A14-490A-9678-104BA2546723}.Debug DLL|Win32.ActiveCfg = Debug DLL|Win32
		{C1ACE86E-5A14-490A-9678-104BA2546723}.Debug DLL|Win32.Build.0 = Debug DLL|Win32
		{C1ACE86E-5A14-490A-9678-104BA2546723}.Debug DLL|x64.ActiveCfg = Debug DLL|Win32
		{C1ACE86E-5A14-490A-9678-104BA2546723}.Debug MX|Win32.ActiveCfg = Debug DLL|Win32
		{C1ACE86E-5A14-490A-9678-104BA2546723}.Debug MX|Win32.Build.0 = Debug DLL|Win32
		{C1ACE86E-5A14-490A-9678-104BA2546723}.Debug MX|x64.ActiveCfg = Debug DLL|Win32
		{C1ACE86E-5A14-490A-9678-104BA2546723}.Debug SCRT|Win32.ActiveCfg = Debug SCRT|Win32
		{C1ACE86E-5A14-490A-9678-104BA2546723}.Debug SCRT|Win32.Build.0 = Debug SCRT|Win32
		{C1ACE86E-5A14-490A-9678-104BA2546723}.Debug SCRT|x64.ActiveCfg = Debug SCRT|Win32
		{C1ACE86E-5A14-490A-9678-104BA2546723}.Debug|Win32.ActiveCfg = Debug|Win32
		{C1ACE86E-5A14-490A-9678-104BA2546723}.Debug|Win32.Build.0 = Debug|Win32
		{C1ACE86E-5A14-490A-9678-104BA2546723}.Debug|x64.ActiveCfg = Debug|Win32
		{C1ACE86E-5A14-490A-9678-104BA2546723}.MinSizeRel|Win32.ActiveCfg = Release|Win32
		{C1ACE86E-5A14-490A-9678-104BA2546723}.MinSizeRel|Win32.Build.0 = Release|Win32
		{C1ACE86E-5A14-490A-9678-104BA2546723}.MinSizeRel|x64.ActiveCfg = Release|Win32
		{C1ACE86E-5A14-490A-9678-104BA2546723}.Release DLL|Win32.ActiveCfg = Release DLL|Win32
		{C1ACE86E-5A14-490A-9678-104BA2546723}.Release DLL|Win32.Build.0 = Release DLL|Win32
		{C1ACE86E-5A14-490A-9678-104BA2546723}.Release DLL|x64.ActiveCfg = Release DLL|Win32
		{C1ACE86E-5A14-490A-9678-104BA2546723}.Release MX|Win32.ActiveCfg = Release SCRT|Win32
		{C1ACE86E-5A14-490A-9678-104BA2546723}.Release MX|Win32.Build.0 = Release SCRT|Win32
		{C1ACE86E-5A14-490A-9678-104BA2546723}.Release MX|x64.ActiveCfg = Release SCRT|Win32
		{C1ACE86E-5A14-490A-9678-104BA2546723}.Release SCRT|Win32.ActiveCfg = Release SCRT|Win32
		{C1ACE86E-5A14-490A-9678-104BA2546723}.Release SCRT|Win32.Build.0 = Release SCRT|Win32
		{C1ACE86E-5A14-490A-9678-104BA2546723}.Release SCRT|x64.ActiveCfg = Release SCRT|Win32
		{C1ACE86E-5A14-490A-9678-104BA2546723}.Release|Win32.ActiveCfg = Release|Win32
		{C1ACE86E-5A14-490A-9678-104BA2546723}.Release|Win32.Build.0 = Release|Win32
		{C1ACE86E-5A14-490A-9678-104BA2546723}.Release|x64.ActiveCfg = Release|Win32
		{C1ACE86E-5A14-490A-9678-104BA2546723}.RelWithDebInfo|Win32.ActiveCfg = Release|Win32
		{C1ACE86E-5A14-490A-9678-104BA2546723}.RelWithDebInfo|Win32.Build.0 = Release|Win32
		{C1ACE86E-5A14-490A-9678-104BA2546723}.RelWithDebInfo|x64.ActiveCfg = Release|Win32
		{C1ACE86E-5A14-490A-9678-104BA2546723}.Template|Win32.ActiveCfg = Release|Win32
		{C1ACE86E-5A14-490A-9678-104BA2546723}.Template|Win32.Build.0 = Release|Win32
		{C1ACE86E-5A14-490A-9678-104BA2546723}.Template|x64.ActiveCfg = Release|Win32
		{4AEC8F63-4AAF-4897-B427-1CD6DAE85BEA}.Debug DLL|Win32.ActiveCfg = Debug|Win32
		{4AEC8F63-4AAF-4897-B427-1CD6DAE85BEA}.Debug DLL|Win32.Build.0 = Debug|Win32
		{4AEC8F63-4AAF-4897-B427-1CD6DAE85BEA}.Debug DLL|x64.ActiveCfg = Debug|Win32
		{4AEC8F63-4AAF-4897-B427-1CD6DAE85BEA}.Debug MX|Win32.ActiveCfg = Debug|Win32
		{4AEC8F63-4AAF-4897-B427-1CD6DAE85BEA}.Debug MX|Win32.Build.0 = Debug|Win32
		{4AEC8F63-4AAF-4897-B427-1CD6DAE85BEA}.Debug MX|x64.ActiveCfg = Debug|Win32
		{4AEC8F63-4AAF-4897-B427-1CD6DAE85BEA}.Debug SCRT|Win32.ActiveCfg = Debug|Win32
		{4AEC8F63-4AAF-4897-B427-1CD6DAE85BEA}.Debug SCRT|Win32.Build.0 = Debug|Win32
		{4AEC8F63-4AAF-4897-B427-1CD6DAE85BEA}.Debug SCRT|x64.ActiveCfg = Debug|Win32
		{4AEC8F63-4AAF-4897-B427-1CD6DAE85BEA}.Debug|Win32.ActiveCfg = Debug|Win32
		{4AEC8F63-4AAF-4897-B427-1CD6DAE85BEA}.Debug|Win32.Build.0 = Debug|Win32
		{4AEC8F63-4AAF-4897-B427-1CD6DAE85BEA}.Debug|x64.ActiveCfg = Debug|Win32
		{4AEC8F63-4AAF-4897-B427-1CD6DAE85BEA}.MinSizeRel|Win32.ActiveCfg = Release|Win32
		{4AEC8F63-4AAF-4897-B427-1CD6DAE85BEA}.MinSizeRel|Win32.Build.0 = Release|Win32
		{4AEC8F63-4AAF-4897-B427-1CD6DAE85BEA}.MinSizeRel|x64.ActiveCfg = Release|Win32
		{4AEC8F63-4AAF-4897-B427-1CD6DAE85BEA}.Release DLL|Win32.ActiveCfg = Release|Win32
		{4AEC8F63-4AAF-4897-B427-1CD6DAE85BEA}.Release DLL|Win32.Build.0 = Release|Win32
		{4AEC8F63-4AAF-4897-B427-1CD6DAE85BEA}.Release DLL|x64.ActiveCfg = Release|Win32
		{4AEC8F63-4AAF-4897-B427-1CD6DAE85BEA}.Release MX|Win32.ActiveCfg = Release|Win32
		{4AEC8F63-4AAF-4897-B427-1CD6DAE85BEA}.Release MX|Win32.Build.0 = Release|Win32
		{4AEC8F63-4AAF-4897-B427-1CD6DAE85BEA}.Release MX|x64.ActiveCfg = Release|Win32
		{4AEC8F63-4AAF-4897-B427-1CD6DAE85BEA}.Release SCRT|Win32.ActiveCfg = Release|Win32
		{4AEC8F63-4AAF-4897-B427-1CD6DAE85BEA}.Release SCRT|Win32.Build.0 = Release|Win32
		{4AEC8F63-4AAF-4897-B427-1CD6DAE85BEA}.Release SCRT|x64.ActiveCfg = Release|Win32
		{4AEC8F63-4AAF-4897-B427-1CD6DAE85BEA}.Release|Win32.ActiveCfg = Release|Win32
		{4AEC8F63-4AAF-4897-B427-1CD6DAE85BEA}.Release|Win32.Build.0 = Release|Win32
		{4AEC8F63-4AAF-4897-B427-1CD6DAE85BEA}.Release|x64.ActiveCfg = Release|Win32
		{4AEC8F63-4AAF-4897-B427-1CD6DAE85BEA}.RelWithDebInfo|Win32.ActiveCfg = Release|Win32
		{4AEC8F63-4AAF-4897-B427-1CD6DAE85BEA}.RelWithDebInfo|Win32.Build.0 = Release|Win32
		{4AEC8F63-4AAF-4897-B427-1CD6DAE85BEA}.RelWithDebInfo|x64.ActiveCfg = Release|Win32
		{4AEC8F63-4AAF-4897-B427-1CD6DAE85BEA}.Template|Win32.ActiveCfg = Release|Win32
		{4AEC8F63-4AAF-4897-B427-1CD6DAE85BEA}.Template|Win32.Build.0 = Release|Win32
		{4AEC8F63-4AAF-4897-B427-1CD6DAE85BEA}.Template|x64.ActiveCfg = Release|Win32
		{874096ED-A015-4C31-9F66-384C5730C718}.Debug DLL|Win32.ActiveCfg = Debug|Win32
		{874096ED-A015-4C31-9F66-384C5730C718}.Debug DLL|Win32.Build.0 = Debug|Win32
		{874096ED-A015-4C31-9F66-384C5730C718}.Debug DLL|x64.ActiveCfg = Debug|Win32
		{874096ED-A015-4C31-9F66-384C5730C718}.Debug MX|Win32.ActiveCfg = Debug|Win32
		{874096ED-A015-4C31-9F66-384C5730C718}.Debug MX|Win32.Build.0 = Debug|Win32
		{874096ED-A015-4C31-9F66-384C5730C718}.Debug MX|x64.ActiveCfg = Debug|Win32
		{874096ED-A015-4C31-9F66-384C5730C718}.Debug SCRT|Win32.ActiveCfg = Debug|Win32
		{874096ED-A015-4C31-9F66-384C5730C718}.Debug SCRT|Win32.Build.0 = Debug|Win32
		{874096ED-A015-4C31-9F66-384C5730C718}.Debug SCRT|x64.ActiveCfg = Debug|Win32
		{874096ED-A015-4C31-9F66-384C5730C718}.Debug|Win32.ActiveCfg = Debug|Win32
		{874096ED-A015-4C31-9F66-384C5730C718}.Debug|Win32.Build.0 = Debug|Win32
		{874096ED-A015-4C31-9F66-384C5730C718}.Debug|x64.ActiveCfg = Debug|Win32
		{874096ED-A015-4C31-9F66-384C5730C718}.MinSizeRel|Win32.ActiveCfg = Release|Win32
		{874096ED-A015-4C31-9F66-384C5730C718}.MinSizeRel|Win32.Build.0 = Release|Win32
		{874096ED-A015-4C31-9F66-384C5730C718}.MinSizeRel|x64.ActiveCfg = Release|Win32
		{874096ED-A015-4C31-9F66-384C5730C718}.Release DLL|Win32.ActiveCfg = Release|Win32
		{874096ED-A015-4C31-9F66-384C5730C718}.Release DLL|Win32.Build.0 = Release|Win32
		{874096ED-A015-4C31-9F66-384C5730C718}.Release DLL|x64.ActiveCfg = Release|Win32
		{874096ED-A015-4C31-9F66-384C5730C718}.Release MX|Win32.ActiveCfg = Release|Win32
		{874096ED-A015-4C31-9F66-384C5730C718}.Release MX|Win32.Build.0 = Release|Win32
		{874096ED-A015-4C31-9F66-384C5730C718}.Release MX|x64.ActiveCfg = Release|Win32
		{874096ED-A015-4C31-9F66-384C5730C718}.Release SCRT|Win32.ActiveCfg = Release|Win32
		{874096ED-A015-4C31-9F66-384C5730C718}.Release SCRT|Win32.Build.0 = Release|Win32
		{874096ED-A015-4C31-9F66-384C5730C718}.Release SCRT|x64.ActiveCfg = Release|Win32
		{874096ED-A015-4C31-9F66-384C5730C718}.Release|Win32.ActiveCfg = Release|Win32
		{874096ED-A015-4C31-9F66-384C5730C718}.Release|Win32.Build.0 = Release|Win32
		{874096ED-A015-4C31-9F66-384C5730C718}.Release|x64.ActiveCfg = Release|Win32
		{874096ED-A015-4C31-9F66-384C5730C718}.RelWithDebInfo|Win32.ActiveCfg = Release|Win32
		{874096ED-A015-4C31-9F66-384C5730C718}.RelWithDebInfo|Win32.Build.0 = Release|Win32
		{874096ED-A015-4C31-9F66-384C5730C718}.RelWithDebInfo|x64.ActiveCfg = Release|Win32
		{874096ED-A015-4C31-9F66-384C5730C718}.Template|Win32.ActiveCfg = Release|Win32
		{874096ED-A015-4C31-9F66-384C5730C718}.Template|Win32.Build.0 = Release|Win32
		{874096ED-A015-4C31-9F66-384C5730C718}.Template|x64.ActiveCfg = Release|Win32
		{56E80209-22DA-43C8-A2F8-6FF3046B2765}.Debug DLL|Win32.ActiveCfg = Debug|Win32
		{56E80209-22DA-43C8-A2F8-6FF3046B2765}.Debug DLL|Win32.Build.0 = Debug|Win32
		{56E80209-22DA-43C8-A2F8-6FF3046B2765}.Debug DLL|x64.ActiveCfg = Debug|Win32
		{56E80209-22DA-43C8-A2F8-6FF3046B2765}.Debug MX|Win32.ActiveCfg = Debug|Win32
		{56E80209-22DA-43C8-A2F8-6FF3046B2765}.Debug MX|Win32.Build.0 = Debug|Win32
		{56E80209-22DA-43C8-A2F8-6FF3046B2765}.Debug MX|x64.ActiveCfg = Debug|Win32
		{56E80209-22DA-43C8-A2F8-6FF3046B2765}.Debug SCRT|Win32.ActiveCfg = Debug|Win32
		{56E80209-22DA-43C8-A2F8-6FF3046B2765}.Debug SCRT|Win32.Build.0 = Debug|Win32
		{56E80209-22DA-43C8-A2F8-6FF3046B2765}.Debug SCRT|x64.ActiveCfg = Debug|Win32
		{56E80209-22DA-43C8-A2F8-6FF3046B2765}.Debug|Win32.ActiveCfg = Debug|Win32
		{56E80209-22DA-43C8-A2F8-6FF3046B2765}.Debug|Win32.Build.0 = Debug|Win32
		{56E80209-22DA-43C8-A2F8-6FF3046B2765}.Debug|x64.ActiveCfg = Debug|Win32
		{56E80209-22DA-43C8-A2F8-6FF3046B2765}.MinSizeRel|Win32.ActiveCfg = Release|Win32
		{56E80209-22DA-43C8-A2F8-6FF3046B2765}.MinSizeRel|Win32.Build.0 = Release|Win32
		{56E80209-22DA-43C8-A2F8-6FF3046B2765}.MinSizeRel|x64.ActiveCfg = Release|Win32
		{56E80209-22DA-43C8-A2F8-6FF3046B2765}.Release DLL|Win32.ActiveCfg = Release|Win32
		{56E80209-22DA-43C8-A2F8-6FF3046B2765}.Release DLL|Win32.Build.0 = Release|Win32
		{56E80209-22DA-43C8-A2F8-6FF3046B2765}.Release DLL|x64.ActiveCfg = Release|Win32
		{56E80209-22DA-43C8-A2F8-6FF3046B2765}.Release MX|Win32.ActiveCfg = Release|Win32
		{56E80209-22DA-43C8-A2F8-6FF3046B2765}.Release MX|Win32.Build.0 = Release|Win32
		{56E80209-22DA-43C8-A2F8-6FF3046B2765}.Release MX|x64.ActiveCfg = Release|Win32
		{56E80209-22DA-43C8-A2F8-6FF3046B2765}.Release SCRT|Win32.ActiveCfg = Release|Win32
		{56E80209-22DA-43C8-A2F8-6FF3046B2765}.Release SCRT|Win32.Build.0 = Release|Win32
		{56E80209-22DA-43C8-A2F8-6FF3046B2765}.Release SCRT|x64.ActiveCfg = Release|Win32
		{56E80209-22DA-43C8-A2F8-6FF3046B2765}.Release|Win32.ActiveCfg = Release|Win32
		{56E80209-22DA-43C8-A2F8-6FF3046B2765}.Release|Win32.Build.0 = Release|Win32
		{56E80209-22DA-43C8-A2F8-6FF3046B2765}.Release|x64.ActiveCfg = Release|Win32
		{56E80209-22DA-43C8-A2F8-6FF3046B2765}.RelWithDebInfo|Win32.ActiveCfg = Release|Win32
		{56E80209-22DA-43C8-A2F8-6FF3046B2765}.RelWithDebInfo|Win32.Build.0 = Release|Win32
		{56E80209-22DA-43C8-A2F8-6FF3046B2765}.RelWithDebInfo|x64.ActiveCfg = Release|Win32
		{56E80209-22DA-43C8-A2F8-6FF3046B2765}.Template|Win32.ActiveCfg = Release|Win32
		{56E80209-22DA-43C8-A2F8-6FF3046B2765}.Template|Win32.Build.0 = Release|Win32
		{56E80209-22DA-43C8-A2F8-6FF3046B2765}.Template|x64.ActiveCfg = Release|Win32
		{1A2CC958-7651-47F0-8D84-41477AAAB8AA}.Debug DLL|Win32.ActiveCfg = Debug|Win32
		{1A2CC958-7651-47F0-8D84-41477AAAB8AA}.Debug DLL|Win32.Build.0 = Debug|Win32
		{1A2CC958-7651-47F0-8D84-41477AAAB8AA}.Debug DLL|x64.ActiveCfg = Debug|Win32
		{1A2CC958-7651-47F0-8D84-41477AAAB8AA}.Debug MX|Win32.ActiveCfg = Debug|Win32
		{1A2CC958-7651-47F0-8D84-41477AAAB8AA}.Debug MX|Win32.Build.0 = Debug|Win32
		{1A2CC958-7651-47F0-8D84-41477AAAB8AA}.Debug MX|x64.ActiveCfg = Debug|Win32
		{1A2CC958-7651-47F0-8D84-41477AAAB8AA}.Debug SCRT|Win32.ActiveCfg = Debug|Win32
		{1A2CC958-7651-47F0-8D84-41477AAAB8AA}.Debug SCRT|Win32.Build.0 = Debug|Win32
		{1A2CC958-7651-47F0-8D84-41477AAAB8AA}.Debug SCRT|x64.ActiveCfg = Debug|Win32
		{1A2CC958-7651-47F0-8D84-41477AAAB8AA}.Debug|Win32.ActiveCfg = Debug|Win32
		{1A2CC958-7651-47F0-8D84-41477AAAB8AA}.Debug|Win32.Build.0 = Debug|Win32
		{1A2CC958-7651-47F0-8D84-41477AAAB8AA}.Debug|x64.ActiveCfg = Debug|Win32
		{1A2CC958-7651-47F0-8D84-41477AAAB8AA}.MinSizeRel|Win32.ActiveCfg = Release|Win32
		{1A2CC958-7651-47F0-8D84-41477AAAB8AA}.MinSizeRel|Win32.Build.0 = Release|Win32
		{1A2CC958-7651-47F0-8D84-41477AAAB8AA}.MinSizeRel|x64.ActiveCfg = Release|Win32
		{1A2CC958-7651-47F0-8D84-41477AAAB8AA}.Release DLL|Win32.ActiveCfg = Release|Win32
		{1A2CC958-7651-47F0-8D84-41477AAAB8AA}.Release DLL|Win32.Build.0 = Release|Win32
		{1A2CC958-7651-47F0-8D84-41477AAAB8AA}.Release DLL|x64.ActiveCfg = Release|Win32
		{1A2CC958-7651-47F0-8D84-41477AAAB8AA}.Release MX|Win32.ActiveCfg = Release|Win32
		{1A2CC958-7651-47F0-8D84-41477AAAB8AA}.Release MX|Win32.Build.0 = Release|Win32
		{1A2CC958-7651-47F0-8D84-41477AAAB8AA}.Release MX|x64.ActiveCfg = Release|Win32
		{1A2CC958-7651-47F0-8D84-41477AAAB8AA}.Release SCRT|Win32.ActiveCfg = Release|Win32
		{1A2CC958-7651-47F0-8D84-41477AAAB8AA}.Release SCRT|Win32.Build.0 = Release|Win32
		{1A2CC958-7651-47F0-8D84-41477AAAB8AA}.Release SCRT|x64.ActiveCfg = Release|Win32
		{1A2CC958-7651-47F0-8D84-41477AAAB8AA}.Release|Win32.ActiveCfg = Release|Win32
		{1A2CC958-7651-47F0-8D84-41477AAAB8AA}.Release|Win32.Build.0 = Release|Win32
		{1A2CC958-7651-47F0-8D84-41477AAAB8AA}.Release|x64.ActiveCfg = Release|Win32
		{1A2CC958-7651-47F0-8D84-41477AAAB8AA}.RelWithDebInfo|Win32.ActiveCfg = Release|Win32
		{1A2CC958-7651-47F0-8D84-41477AAAB8AA}.RelWithDebInfo|Win32.Build.0 = Release|Win32
		{1A2CC958-7651-47F0-8D84-41477AAAB8AA}.RelWithDebInfo|x64.ActiveCfg = Release|Win32
		{1A2CC958-7651-47F0-8D84-41477AAAB8AA}.Template|Win32.ActiveCfg = Release|Win32
		{1A2CC958-7651-47F0-8D84-41477AAAB8AA}.Template|Win32.Build.0 = Release|Win32
		{1A2CC958-7651-47F0-8D84-41477AAAB8AA}.Template|x64.ActiveCfg = Release|Win32
	EndGlobalSection
	GlobalSection(SolutionProperties) = preSolution
		HideSolutionNode = FALSE
	EndGlobalSection
EndGlobal
